# Canonical UI asset generation lockfile
# Used by gen_michi_ui_assets.py and CI verification
font_family=Noto Sans
regular_file=tools/.fonts/NotoSans-Regular.ttf
regular_sha256=89c3c497f618fdaa0b2d1e98fef93582f28c71debd2c4a8cdf41f190ced2909d
medium_file=tools/.fonts/NotoSans-Medium.ttf
medium_sha256=013ae62f5187c01e8752de78829ee7e1e0feaed6edee17db0dbf703988c99f3d
pillow=12.2.0
raster_bits=1
