dependencies:
  espressif/led_strip:
    component_hash: 28c6509a727ef74925b372ed404772aeedf11cce10b78c3f69b3c66799095e2d
    dependencies:
    - name: idf
      require: private
      version: '>=4.4'
    source:
      registry_url: https://components.espressif.com/
      type: service
    version: 2.5.5
  idf:
    source:
      type: idf
    version: 5.3.5
direct_dependencies:
- espressif/led_strip
manifest_hash: 066b73b48423825021e43b1de4c439c9f89935fef0dbe6901d7f2cae9945be22
target: esp32s3
version: 2.0.0
